{
  "name": "chat_project",
  "lockfileVersion": 3,
  "requires": true,
  "packages": {
    "": {
      "dependencies": {
        "@picmo/popup-picker": "^5.8.5",
        "picmo": "^5.8.5"
      }
    },
    "node_modules/@floating-ui/core": {
      "version": "1.6.9",
      "resolved": "https://registry.npmjs.org/@floating-ui/core/-/core-1.6.9.tgz",
      "integrity": "sha512-uMXCuQ3BItDUbAMhIXw7UPXRfAlOAvZzdK9BWpE60MCn+Svt3aLn9jsPTi/WNGlRUu2uI0v5S7JiIUsbsvh3fw==",
      "license": "MIT",
      "dependencies": {
        "@floating-ui/utils": "^0.2.9"
      }
    },
    "node_modules/@floating-ui/dom": {
      "version": "1.6.13",
      "resolved": "https://registry.npmjs.org/@floating-ui/dom/-/dom-1.6.13.tgz",
      "integrity": "sha512-umqzocjDgNRGTuO7Q8CU32dkHkECqI8ZdMZ5Swb6QAM0t5rnlrN3lGo1hdpscRd3WS8T6DKYK4ephgIH9iRh3w==",
      "license": "MIT",
      "dependencies": {
        "@floating-ui/core": "^1.6.0",
        "@floating-ui/utils": "^0.2.9"
      }
    },
    "node_modules/@floating-ui/utils": {
      "version": "0.2.9",
      "resolved": "https://registry.npmjs.org/@floating-ui/utils/-/utils-0.2.9.tgz",
      "integrity": "sha512-MDWhGtE+eHw5JW7lq4qhc5yRLS11ERl1c7Z6Xd0a58DozHES6EnNNwUWbMiG4J9Cgj053Bhk8zvlhFYKVhULwg==",
      "license": "MIT"
    },
    "node_modules/@picmo/popup-picker": {
      "version": "5.8.5",
      "resolved": "https://registry.npmjs.org/@picmo/popup-picker/-/popup-picker-5.8.5.tgz",
      "integrity": "sha512-s5BGZps8LnhEeO4EMU+t8Wcc05gtbzJvdD5vovulof18+uxN2tMFpX6RMpKwhh49AQMk2EK1t31PEyjAIK7UVw==",
      "deprecated": "Package no longer supported. Contact Support at https://www.npmjs.com/support for more info.",
      "license": "MIT",
      "dependencies": {
        "@floating-ui/dom": "^1.0.0"
      },
      "funding": {
        "url": "https://github.com/sponsors/joeattardi"
      },
      "peerDependencies": {
        "picmo": "^5.8.0"
      }
    },
    "node_modules/emojibase": {
      "version": "6.1.0",
      "resolved": "https://registry.npmjs.org/emojibase/-/emojibase-6.1.0.tgz",
      "integrity": "sha512-1GkKJPXP6tVkYJHOBSJHoGOr/6uaDxZ9xJ6H7m6PfdGXTmQgbALHLWaVRY4Gi/qf5x/gT/NUXLPuSHYLqtLtrQ==",
      "license": "MIT",
      "funding": {
        "type": "ko-fi",
        "url": "https://ko-fi.com/milesjohnson"
      }
    },
    "node_modules/picmo": {
      "version": "5.8.5",
      "resolved": "https://registry.npmjs.org/picmo/-/picmo-5.8.5.tgz",
      "integrity": "sha512-7I8jfuHALF9lkt3d+XCZGP+IwH7g91vYZv6XtRnJ99IDjnm92zel0L5DEo2FX0oaHUwRMBD/kn2knTZqwItudQ==",
      "deprecated": "Package no longer supported. Contact Support at https://www.npmjs.com/support for more info.",
      "license": "MIT",
      "dependencies": {
        "emojibase": "^6.1.0"
      },
      "funding": {
        "url": "https://github.com/sponsors/joeattardi"
      }
    }
  }
}
